// !$*UTF8*$!
{
	archiveVersion = 1;
	classes = {
	};
	objectVersion = 50;
	objects = {

/* Begin PBXBuildFile section */
		0CF8B3B223C62A830057BF1F /* AppDelegate.m in Sources */ = {isa = PBXBuildFile; fileRef = 0CF8B3B123C62A830057BF1F /* AppDelegate.m */; };
		0CF8B3B523C62A830057BF1F /* ViewController.m in Sources */ = {isa = PBXBuildFile; fileRef = 0CF8B3B423C62A830057BF1F /* ViewController.m */; };
		0CF8B3B823C62A830057BF1F /* Main.storyboard in Resources */ = {isa = PBXBuildFile; fileRef = 0CF8B3B623C62A830057BF1F /* Main.storyboard */; };
		0CF8B3BA23C62A840057BF1F /* Assets.xcassets in Resources */ = {isa = PBXBuildFile; fileRef = 0CF8B3B923C62A840057BF1F /* Assets.xcassets */; };
		0CF8B3BD23C62A840057BF1F /* LaunchScreen.storyboard in Resources */ = {isa = PBXBuildFile; fileRef = 0CF8B3BB23C62A840057BF1F /* LaunchScreen.storyboard */; };
		0CF8B3C023C62A840057BF1F /* main.m in Sources */ = {isa = PBXBuildFile; fileRef = 0CF8B3BF23C62A840057BF1F /* main.m */; };
		0CF8B3CA23C62A840057BF1F /* PWButtonExtensionTests.m in Sources */ = {isa = PBXBuildFile; fileRef = 0CF8B3C923C62A840057BF1F /* PWButtonExtensionTests.m */; };
		0CF8B3D523C62A840057BF1F /* PWButtonExtensionUITests.m in Sources */ = {isa = PBXBuildFile; fileRef = 0CF8B3D423C62A840057BF1F /* PWButtonExtensionUITests.m */; };
		0CF8B3EB23C62CDC0057BF1F /* UIButton+PWImagePosition.m in Sources */ = {isa = PBXBuildFile; fileRef = 0CF8B3E323C62CDB0057BF1F /* UIButton+PWImagePosition.m */; };
		0CF8B3EC23C62CDC0057BF1F /* UIButton+PWResponseRange.m in Sources */ = {isa = PBXBuildFile; fileRef = 0CF8B3E423C62CDB0057BF1F /* UIButton+PWResponseRange.m */; };
		0CF8B3ED23C62CDC0057BF1F /* UIButton+PWCountDown.m in Sources */ = {isa = PBXBuildFile; fileRef = 0CF8B3E523C62CDB0057BF1F /* UIButton+PWCountDown.m */; };
		0CF8B3EE23C62CDC0057BF1F /* UIButton+PWAction.m in Sources */ = {isa = PBXBuildFile; fileRef = 0CF8B3EA23C62CDC0057BF1F /* UIButton+PWAction.m */; };
/* End PBXBuildFile section */

/* Begin PBXContainerItemProxy section */
		0CF8B3C623C62A840057BF1F /* PBXContainerItemProxy */ = {
			isa = PBXContainerItemProxy;
			containerPortal = 0CF8B3A523C62A830057BF1F /* Project object */;
			proxyType = 1;
			remoteGlobalIDString = 0CF8B3AC23C62A830057BF1F;
			remoteInfo = PWButtonExtension;
		};
		0CF8B3D123C62A840057BF1F /* PBXContainerItemProxy */ = {
			isa = PBXContainerItemProxy;
			containerPortal = 0CF8B3A523C62A830057BF1F /* Project object */;
			proxyType = 1;
			remoteGlobalIDString = 0CF8B3AC23C62A830057BF1F;
			remoteInfo = PWButtonExtension;
		};
/* End PBXContainerItemProxy section */

/* Begin PBXFileReference section */
		0C46320B23C70FA000CF0009 /* PWButton.h */ = {isa = PBXFileReference; lastKnownFileType = sourcecode.c.h; path = PWButton.h; sourceTree = "<group>"; };
		0CF8B3AD23C62A830057BF1F /* PWButtonExtension.app */ = {isa = PBXFileReference; explicitFileType = wrapper.application; includeInIndex = 0; path = PWButtonExtension.app; sourceTree = BUILT_PRODUCTS_DIR; };
		0CF8B3B023C62A830057BF1F /* AppDelegate.h */ = {isa = PBXFileReference; lastKnownFileType = sourcecode.c.h; path = AppDelegate.h; sourceTree = "<group>"; };
		0CF8B3B123C62A830057BF1F /* AppDelegate.m */ = {isa = PBXFileReference; lastKnownFileType = sourcecode.c.objc; path = AppDelegate.m; sourceTree = "<group>"; };
		0CF8B3B323C62A830057BF1F /* ViewController.h */ = {isa = PBXFileReference; lastKnownFileType = sourcecode.c.h; path = ViewController.h; sourceTree = "<group>"; };
		0CF8B3B423C62A830057BF1F /* ViewController.m */ = {isa = PBXFileReference; lastKnownFileType = sourcecode.c.objc; path = ViewController.m; sourceTree = "<group>"; };
		0CF8B3B723C62A830057BF1F /* Base */ = {isa = PBXFileReference; lastKnownFileType = file.storyboard; name = Base; path = Base.lproj/Main.storyboard; sourceTree = "<group>"; };
		0CF8B3B923C62A840057BF1F /* Assets.xcassets */ = {isa = PBXFileReference; lastKnownFileType = folder.assetcatalog; path = Assets.xcassets; sourceTree = "<group>"; };
		0CF8B3BC23C62A840057BF1F /* Base */ = {isa = PBXFileReference; lastKnownFileType = file.storyboard; name = Base; path = Base.lproj/LaunchScreen.storyboard; sourceTree = "<group>"; };
		0CF8B3BE23C62A840057BF1F /* Info.plist */ = {isa = PBXFileReference; lastKnownFileType = text.plist.xml; path = Info.plist; sourceTree = "<group>"; };
		0CF8B3BF23C62A840057BF1F /* main.m */ = {isa = PBXFileReference; lastKnownFileType = sourcecode.c.objc; path = main.m; sourceTree = "<group>"; };
		0CF8B3C523C62A840057BF1F /* PWButtonExtensionTests.xctest */ = {isa = PBXFileReference; explicitFileType = wrapper.cfbundle; includeInIndex = 0; path = PWButtonExtensionTests.xctest; sourceTree = BUILT_PRODUCTS_DIR; };
		0CF8B3C923C62A840057BF1F /* PWButtonExtensionTests.m */ = {isa = PBXFileReference; lastKnownFileType = sourcecode.c.objc; path = PWButtonExtensionTests.m; sourceTree = "<group>"; };
		0CF8B3CB23C62A840057BF1F /* Info.plist */ = {isa = PBXFileReference; lastKnownFileType = text.plist.xml; path = Info.plist; sourceTree = "<group>"; };
		0CF8B3D023C62A840057BF1F /* PWButtonExtensionUITests.xctest */ = {isa = PBXFileReference; explicitFileType = wrapper.cfbundle; includeInIndex = 0; path = PWButtonExtensionUITests.xctest; sourceTree = BUILT_PRODUCTS_DIR; };
		0CF8B3D423C62A840057BF1F /* PWButtonExtensionUITests.m */ = {isa = PBXFileReference; lastKnownFileType = sourcecode.c.objc; path = PWButtonExtensionUITests.m; sourceTree = "<group>"; };
		0CF8B3D623C62A840057BF1F /* Info.plist */ = {isa = PBXFileReference; lastKnownFileType = text.plist.xml; path = Info.plist; sourceTree = "<group>"; };
		0CF8B3E323C62CDB0057BF1F /* UIButton+PWImagePosition.m */ = {isa = PBXFileReference; fileEncoding = 4; lastKnownFileType = sourcecode.c.objc; path = "UIButton+PWImagePosition.m"; sourceTree = "<group>"; };
		0CF8B3E423C62CDB0057BF1F /* UIButton+PWResponseRange.m */ = {isa = PBXFileReference; fileEncoding = 4; lastKnownFileType = sourcecode.c.objc; path = "UIButton+PWResponseRange.m"; sourceTree = "<group>"; };
		0CF8B3E523C62CDB0057BF1F /* UIButton+PWCountDown.m */ = {isa = PBXFileReference; fileEncoding = 4; lastKnownFileType = sourcecode.c.objc; path = "UIButton+PWCountDown.m"; sourceTree = "<group>"; };
		0CF8B3E623C62CDB0057BF1F /* UIButton+PWAction.h */ = {isa = PBXFileReference; fileEncoding = 4; lastKnownFileType = sourcecode.c.h; path = "UIButton+PWAction.h"; sourceTree = "<group>"; };
		0CF8B3E723C62CDB0057BF1F /* UIButton+PWResponseRange.h */ = {isa = PBXFileReference; fileEncoding = 4; lastKnownFileType = sourcecode.c.h; path = "UIButton+PWResponseRange.h"; sourceTree = "<group>"; };
		0CF8B3E823C62CDC0057BF1F /* UIButton+PWCountDown.h */ = {isa = PBXFileReference; fileEncoding = 4; lastKnownFileType = sourcecode.c.h; path = "UIButton+PWCountDown.h"; sourceTree = "<group>"; };
		0CF8B3E923C62CDC0057BF1F /* UIButton+PWImagePosition.h */ = {isa = PBXFileReference; fileEncoding = 4; lastKnownFileType = sourcecode.c.h; path = "UIButton+PWImagePosition.h"; sourceTree = "<group>"; };
		0CF8B3EA23C62CDC0057BF1F /* UIButton+PWAction.m */ = {isa = PBXFileReference; fileEncoding = 4; lastKnownFileType = sourcecode.c.objc; path = "UIButton+PWAction.m"; sourceTree = "<group>"; };
/* End PBXFileReference section */

/* Begin PBXFrameworksBuildPhase section */
		0CF8B3AA23C62A830057BF1F /* Frameworks */ = {
			isa = PBXFrameworksBuildPhase;
			buildActionMask = 2147483647;
			files = (
			);
			runOnlyForDeploymentPostprocessing = 0;
		};
		0CF8B3C223C62A840057BF1F /* Frameworks */ = {
			isa = PBXFrameworksBuildPhase;
			buildActionMask = 2147483647;
			files = (
			);
			runOnlyForDeploymentPostprocessing = 0;
		};
		0CF8B3CD23C62A840057BF1F /* Frameworks */ = {
			isa = PBXFrameworksBuildPhase;
			buildActionMask = 2147483647;
			files = (
			);
			runOnlyForDeploymentPostprocessing = 0;
		};
/* End PBXFrameworksBuildPhase section */

/* Begin PBXGroup section */
		0CF8B3A423C62A830057BF1F = {
			isa = PBXGroup;
			children = (
				0CF8B3AF23C62A830057BF1F /* PWButtonExtension */,
				0CF8B3C823C62A840057BF1F /* PWButtonExtensionTests */,
				0CF8B3D323C62A840057BF1F /* PWButtonExtensionUITests */,
				0CF8B3AE23C62A830057BF1F /* Products */,
			);
			sourceTree = "<group>";
		};
		0CF8B3AE23C62A830057BF1F /* Products */ = {
			isa = PBXGroup;
			children = (
				0CF8B3AD23C62A830057BF1F /* PWButtonExtension.app */,
				0CF8B3C523C62A840057BF1F /* PWButtonExtensionTests.xctest */,
				0CF8B3D023C62A840057BF1F /* PWButtonExtensionUITests.xctest */,
			);
			name = Products;
			sourceTree = "<group>";
		};
		0CF8B3AF23C62A830057BF1F /* PWButtonExtension */ = {
			isa = PBXGroup;
			children = (
				0CF8B3E223C62AD40057BF1F /* Classes */,
				0CF8B3B023C62A830057BF1F /* AppDelegate.h */,
				0CF8B3B123C62A830057BF1F /* AppDelegate.m */,
				0CF8B3B323C62A830057BF1F /* ViewController.h */,
				0CF8B3B423C62A830057BF1F /* ViewController.m */,
				0CF8B3B623C62A830057BF1F /* Main.storyboard */,
				0CF8B3B923C62A840057BF1F /* Assets.xcassets */,
				0CF8B3BB23C62A840057BF1F /* LaunchScreen.storyboard */,
				0CF8B3BE23C62A840057BF1F /* Info.plist */,
				0CF8B3BF23C62A840057BF1F /* main.m */,
			);
			path = PWButtonExtension;
			sourceTree = "<group>";
		};
		0CF8B3C823C62A840057BF1F /* PWButtonExtensionTests */ = {
			isa = PBXGroup;
			children = (
				0CF8B3C923C62A840057BF1F /* PWButtonExtensionTests.m */,
				0CF8B3CB23C62A840057BF1F /* Info.plist */,
			);
			path = PWButtonExtensionTests;
			sourceTree = "<group>";
		};
		0CF8B3D323C62A840057BF1F /* PWButtonExtensionUITests */ = {
			isa = PBXGroup;
			children = (
				0CF8B3D423C62A840057BF1F /* PWButtonExtensionUITests.m */,
				0CF8B3D623C62A840057BF1F /* Info.plist */,
			);
			path = PWButtonExtensionUITests;
			sourceTree = "<group>";
		};
		0CF8B3E223C62AD40057BF1F /* Classes */ = {
			isa = PBXGroup;
			children = (
				0C46320B23C70FA000CF0009 /* PWButton.h */,
				0CF8B3E623C62CDB0057BF1F /* UIButton+PWAction.h */,
				0CF8B3EA23C62CDC0057BF1F /* UIButton+PWAction.m */,
				0CF8B3E823C62CDC0057BF1F /* UIButton+PWCountDown.h */,
				0CF8B3E523C62CDB0057BF1F /* UIButton+PWCountDown.m */,
				0CF8B3E923C62CDC0057BF1F /* UIButton+PWImagePosition.h */,
				0CF8B3E323C62CDB0057BF1F /* UIButton+PWImagePosition.m */,
				0CF8B3E723C62CDB0057BF1F /* UIButton+PWResponseRange.h */,
				0CF8B3E423C62CDB0057BF1F /* UIButton+PWResponseRange.m */,
			);
			path = Classes;
			sourceTree = "<group>";
		};
/* End PBXGroup section */

/* Begin PBXNativeTarget section */
		0CF8B3AC23C62A830057BF1F /* PWButtonExtension */ = {
			isa = PBXNativeTarget;
			buildConfigurationList = 0CF8B3D923C62A840057BF1F /* Build configuration list for PBXNativeTarget "PWButtonExtension" */;
			buildPhases = (
				0CF8B3A923C62A830057BF1F /* Sources */,
				0CF8B3AA23C62A830057BF1F /* Frameworks */,
				0CF8B3AB23C62A830057BF1F /* Resources */,
			);
			buildRules = (
			);
			dependencies = (
			);
			name = PWButtonExtension;
			productName = PWButtonExtension;
			productReference = 0CF8B3AD23C62A830057BF1F /* PWButtonExtension.app */;
			productType = "com.apple.product-type.application";
		};
		0CF8B3C423C62A840057BF1F /* PWButtonExtensionTests */ = {
			isa = PBXNativeTarget;
			buildConfigurationList = 0CF8B3DC23C62A840057BF1F /* Build configuration list for PBXNativeTarget "PWButtonExtensionTests" */;
			buildPhases = (
				0CF8B3C123C62A840057BF1F /* Sources */,
				0CF8B3C223C62A840057BF1F /* Frameworks */,
				0CF8B3C323C62A840057BF1F /* Resources */,
			);
			buildRules = (
			);
			dependencies = (
				0CF8B3C723C62A840057BF1F /* PBXTargetDependency */,
			);
			name = PWButtonExtensionTests;
			productName = PWButtonExtensionTests;
			productReference = 0CF8B3C523C62A840057BF1F /* PWButtonExtensionTests.xctest */;
			productType = "com.apple.product-type.bundle.unit-test";
		};
		0CF8B3CF23C62A840057BF1F /* PWButtonExtensionUITests */ = {
			isa = PBXNativeTarget;
			buildConfigurationList = 0CF8B3DF23C62A840057BF1F /* Build configuration list for PBXNativeTarget "PWButtonExtensionUITests" */;
			buildPhases = (
				0CF8B3CC23C62A840057BF1F /* Sources */,
				0CF8B3CD23C62A840057BF1F /* Frameworks */,
				0CF8B3CE23C62A840057BF1F /* Resources */,
			);
			buildRules = (
			);
			dependencies = (
				0CF8B3D223C62A840057BF1F /* PBXTargetDependency */,
			);
			name = PWButtonExtensionUITests;
			productName = PWButtonExtensionUITests;
			productReference = 0CF8B3D023C62A840057BF1F /* PWButtonExtensionUITests.xctest */;
			productType = "com.apple.product-type.bundle.ui-testing";
		};
/* End PBXNativeTarget section */

/* Begin PBXProject section */
		0CF8B3A523C62A830057BF1F /* Project object */ = {
			isa = PBXProject;
			attributes = {
				LastUpgradeCheck = 1010;
				ORGANIZATIONNAME = PaulWong;
				TargetAttributes = {
					0CF8B3AC23C62A830057BF1F = {
						CreatedOnToolsVersion = 10.1;
					};
					0CF8B3C423C62A840057BF1F = {
						CreatedOnToolsVersion = 10.1;
						TestTargetID = 0CF8B3AC23C62A830057BF1F;
					};
					0CF8B3CF23C62A840057BF1F = {
						CreatedOnToolsVersion = 10.1;
						TestTargetID = 0CF8B3AC23C62A830057BF1F;
					};
				};
			};
			buildConfigurationList = 0CF8B3A823C62A830057BF1F /* Build configuration list for PBXProject "PWButtonExtension" */;
			compatibilityVersion = "Xcode 9.3";
			developmentRegion = en;
			hasScannedForEncodings = 0;
			knownRegions = (
				en,
				Base,
			);
			mainGroup = 0CF8B3A423C62A830057BF1F;
			productRefGroup = 0CF8B3AE23C62A830057BF1F /* Products */;
			projectDirPath = "";
			projectRoot = "";
			targets = (
				0CF8B3AC23C62A830057BF1F /* PWButtonExtension */,
				0CF8B3C423C62A840057BF1F /* PWButtonExtensionTests */,
				0CF8B3CF23C62A840057BF1F /* PWButtonExtensionUITests */,
			);
		};
/* End PBXProject section */

/* Begin PBXResourcesBuildPhase section */
		0CF8B3AB23C62A830057BF1F /* Resources */ = {
			isa = PBXResourcesBuildPhase;
			buildActionMask = 2147483647;
			files = (
				0CF8B3BD23C62A840057BF1F /* LaunchScreen.storyboard in Resources */,
				0CF8B3BA23C62A840057BF1F /* Assets.xcassets in Resources */,
				0CF8B3B823C62A830057BF1F /* Main.storyboard in Resources */,
			);
			runOnlyForDeploymentPostprocessing = 0;
		};
		0CF8B3C323C62A840057BF1F /* Resources */ = {
			isa = PBXResourcesBuildPhase;
			buildActionMask = 2147483647;
			files = (
			);
			runOnlyForDeploymentPostprocessing = 0;
		};
		0CF8B3CE23C62A840057BF1F /* Resources */ = {
			isa = PBXResourcesBuildPhase;
			buildActionMask = 2147483647;
			files = (
			);
			runOnlyForDeploymentPostprocessing = 0;
		};
/* End PBXResourcesBuildPhase section */

/* Begin PBXSourcesBuildPhase section */
		0CF8B3A923C62A830057BF1F /* Sources */ = {
			isa = PBXSourcesBuildPhase;
			buildActionMask = 2147483647;
			files = (
				0CF8B3ED23C62CDC0057BF1F /* UIButton+PWCountDown.m in Sources */,
				0CF8B3B523C62A830057BF1F /* ViewController.m in Sources */,
				0CF8B3EB23C62CDC0057BF1F /* UIButton+PWImagePosition.m in Sources */,
				0CF8B3EC23C62CDC0057BF1F /* UIButton+PWResponseRange.m in Sources */,
				0CF8B3C023C62A840057BF1F /* main.m in Sources */,
				0CF8B3EE23C62CDC0057BF1F /* UIButton+PWAction.m in Sources */,
				0CF8B3B223C62A830057BF1F /* AppDelegate.m in Sources */,
			);
			runOnlyForDeploymentPostprocessing = 0;
		};
		0CF8B3C123C62A840057BF1F /* Sources */ = {
			isa = PBXSourcesBuildPhase;
			buildActionMask = 2147483647;
			files = (
				0CF8B3CA23C62A840057BF1F /* PWButtonExtensionTests.m in Sources */,
			);
			runOnlyForDeploymentPostprocessing = 0;
		};
		0CF8B3CC23C62A840057BF1F /* Sources */ = {
			isa = PBXSourcesBuildPhase;
			buildActionMask = 2147483647;
			files = (
				0CF8B3D523C62A840057BF1F /* PWButtonExtensionUITests.m in Sources */,
			);
			runOnlyForDeploymentPostprocessing = 0;
		};
/* End PBXSourcesBuildPhase section */

/* Begin PBXTargetDependency section */
		0CF8B3C723C62A840057BF1F /* PBXTargetDependency */ = {
			isa = PBXTargetDependency;
			target = 0CF8B3AC23C62A830057BF1F /* PWButtonExtension */;
			targetProxy = 0CF8B3C623C62A840057BF1F /* PBXContainerItemProxy */;
		};
		0CF8B3D223C62A840057BF1F /* PBXTargetDependency */ = {
			isa = PBXTargetDependency;
			target = 0CF8B3AC23C62A830057BF1F /* PWButtonExtension */;
			targetProxy = 0CF8B3D123C62A840057BF1F /* PBXContainerItemProxy */;
		};
/* End PBXTargetDependency section */

/* Begin PBXVariantGroup section */
		0CF8B3B623C62A830057BF1F /* Main.storyboard */ = {
			isa = PBXVariantGroup;
			children = (
				0CF8B3B723C62A830057BF1F /* Base */,
			);
			name = Main.storyboard;
			sourceTree = "<group>";
		};
		0CF8B3BB23C62A840057BF1F /* LaunchScreen.storyboard */ = {
			isa = PBXVariantGroup;
			children = (
				0CF8B3BC23C62A840057BF1F /* Base */,
			);
			name = LaunchScreen.storyboard;
			sourceTree = "<group>";
		};
/* End PBXVariantGroup section */

/* Begin XCBuildConfiguration section */
		0CF8B3D723C62A840057BF1F /* Debug */ = {
			isa = XCBuildConfiguration;
			buildSettings = {
				ALWAYS_SEARCH_USER_PATHS = NO;
				CLANG_ANALYZER_NONNULL = YES;
				CLANG_ANALYZER_NUMBER_OBJECT_CONVERSION = YES_AGGRESSIVE;
				CLANG_CXX_LANGUAGE_STANDARD = "gnu++14";
				CLANG_CXX_LIBRARY = "libc++";
				CLANG_ENABLE_MODULES = YES;
				CLANG_ENABLE_OBJC_ARC = YES;
				CLANG_ENABLE_OBJC_WEAK = YES;
				CLANG_WARN_BLOCK_CAPTURE_AUTORELEASING = YES;
				CLANG_WARN_BOOL_CONVERSION = YES;
				CLANG_WARN_COMMA = YES;
				CLANG_WARN_CONSTANT_CONVERSION = YES;
				CLANG_WARN_DEPRECATED_OBJC_IMPLEMENTATIONS = YES;
				CLANG_WARN_DIRECT_OBJC_ISA_USAGE = YES_ERROR;
				CLANG_WARN_DOCUMENTATION_COMMENTS = YES;
				CLANG_WARN_EMPTY_BODY = YES;
				CLANG_WARN_ENUM_CONVERSION = YES;
				CLANG_WARN_INFINITE_RECURSION = YES;
				CLANG_WARN_INT_CONVERSION = YES;
				CLANG_WARN_NON_LITERAL_NULL_CONVERSION = YES;
				CLANG_WARN_OBJC_IMPLICIT_RETAIN_SELF = YES;
				CLANG_WARN_OBJC_LITERAL_CONVERSION = YES;
				CLANG_WARN_OBJC_ROOT_CLASS = YES_ERROR;
				CLANG_WARN_RANGE_LOOP_ANALYSIS = YES;
				CLANG_WARN_STRICT_PROTOTYPES = YES;
				CLANG_WARN_SUSPICIOUS_MOVE = YES;
				CLANG_WARN_UNGUARDED_AVAILABILITY = YES_AGGRESSIVE;
				CLANG_WARN_UNREACHABLE_CODE = YES;
				CLANG_WARN__DUPLICATE_METHOD_MATCH = YES;
				CODE_SIGN_IDENTITY = "iPhone Developer";
				COPY_PHASE_STRIP = NO;
				DEBUG_INFORMATION_FORMAT = dwarf;
				ENABLE_STRICT_OBJC_MSGSEND = YES;
				ENABLE_TESTABILITY = YES;
				GCC_C_LANGUAGE_STANDARD = gnu11;
				GCC_DYNAMIC_NO_PIC = NO;
				GCC_NO_COMMON_BLOCKS = YES;
				GCC_OPTIMIZATION_LEVEL = 0;
				GCC_PREPROCESSOR_DEFINITIONS = (
					"DEBUG=1",
					"$(inherited)",
				);
				GCC_WARN_64_TO_32_BIT_CONVERSION = YES;
				GCC_WARN_ABOUT_RETURN_TYPE = YES_ERROR;
				GCC_WARN_UNDECLARED_SELECTOR = YES;
				GCC_WARN_UNINITIALIZED_AUTOS = YES_AGGRESSIVE;
				GCC_WARN_UNUSED_FUNCTION = YES;
				GCC_WARN_UNUSED_VARIABLE = YES;
				IPHONEOS_DEPLOYMENT_TARGET = 12.1;
				MTL_ENABLE_DEBUG_INFO = INCLUDE_SOURCE;
				MTL_FAST_MATH = YES;
				ONLY_ACTIVE_ARCH = YES;
				SDKROOT = iphoneos;
			};
			name = Debug;
		};
		0CF8B3D823C62A840057BF1F /* Release */ = {
			isa = XCBuildConfiguration;
			buildSettings = {
				ALWAYS_SEARCH_USER_PATHS = NO;
				CLANG_ANALYZER_NONNULL = YES;
				CLANG_ANALYZER_NUMBER_OBJECT_CONVERSION = YES_AGGRESSIVE;
				CLANG_CXX_LANGUAGE_STANDARD = "gnu++14";
				CLANG_CXX_LIBRARY = "libc++";
				CLANG_ENABLE_MODULES = YES;
				CLANG_ENABLE_OBJC_ARC = YES;
				CLANG_ENABLE_OBJC_WEAK = YES;
				CLANG_WARN_BLOCK_CAPTURE_AUTORELEASING = YES;
				CLANG_WARN_BOOL_CONVERSION = YES;
				CLANG_WARN_COMMA = YES;
				CLANG_WARN_CONSTANT_CONVERSION = YES;
				CLANG_WARN_DEPRECATED_OBJC_IMPLEMENTATIONS = YES;
				CLANG_WARN_DIRECT_OBJC_ISA_USAGE = YES_ERROR;
				CLANG_WARN_DOCUMENTATION_COMMENTS = YES;
				CLANG_WARN_EMPTY_BODY = YES;
				CLANG_WARN_ENUM_CONVERSION = YES;
				CLANG_WARN_INFINITE_RECURSION = YES;
				CLANG_WARN_INT_CONVERSION = YES;
				CLANG_WARN_NON_LITERAL_NULL_CONVERSION = YES;
				CLANG_WARN_OBJC_IMPLICIT_RETAIN_SELF = YES;
				CLANG_WARN_OBJC_LITERAL_CONVERSION = YES;
				CLANG_WARN_OBJC_ROOT_CLASS = YES_ERROR;
				CLANG_WARN_RANGE_LOOP_ANALYSIS = YES;
				CLANG_WARN_STRICT_PROTOTYPES = YES;
				CLANG_WARN_SUSPICIOUS_MOVE = YES;
				CLANG_WARN_UNGUARDED_AVAILABILITY = YES_AGGRESSIVE;
				CLANG_WARN_UNREACHABLE_CODE = YES;
				CLANG_WARN__DUPLICATE_METHOD_MATCH = YES;
				CODE_SIGN_IDENTITY = "iPhone Developer";
				COPY_PHASE_STRIP = NO;
				DEBUG_INFORMATION_FORMAT = "dwarf-with-dsym";
				ENABLE_NS_ASSERTIONS = NO;
				ENABLE_STRICT_OBJC_MSGSEND = YES;
				GCC_C_LANGUAGE_STANDARD = gnu11;
				GCC_NO_COMMON_BLOCKS = YES;
				GCC_WARN_64_TO_32_BIT_CONVERSION = YES;
				GCC_WARN_ABOUT_RETURN_TYPE = YES_ERROR;
				GCC_WARN_UNDECLARED_SELECTOR = YES;
				GCC_WARN_UNINITIALIZED_AUTOS = YES_AGGRESSIVE;
				GCC_WARN_UNUSED_FUNCTION = YES;
				GCC_WARN_UNUSED_VARIABLE = YES;
				IPHONEOS_DEPLOYMENT_TARGET = 12.1;
				MTL_ENABLE_DEBUG_INFO = NO;
				MTL_FAST_MATH = YES;
				SDKROOT = iphoneos;
				VALIDATE_PRODUCT = YES;
			};
			name = Release;
		};
		0CF8B3DA23C62A840057BF1F /* Debug */ = {
			isa = XCBuildConfiguration;
			buildSettings = {
				ASSETCATALOG_COMPILER_APPICON_NAME = AppIcon;
				CODE_SIGN_STYLE = Automatic;
				INFOPLIST_FILE = PWButtonExtension/Info.plist;
				LD_RUNPATH_SEARCH_PATHS = (
					"$(inherited)",
					"@executable_path/Frameworks",
				);
				PRODUCT_BUNDLE_IDENTIFIER = PW.PWButtonExtension;
				PRODUCT_NAME = "$(TARGET_NAME)";
				TARGETED_DEVICE_FAMILY = "1,2";
			};
			name = Debug;
		};
		0CF8B3DB23C62A840057BF1F /* Release */ = {
			isa = XCBuildConfiguration;
			buildSettings = {
				ASSETCATALOG_COMPILER_APPICON_NAME = AppIcon;
				CODE_SIGN_STYLE = Automatic;
				INFOPLIST_FILE = PWButtonExtension/Info.plist;
				LD_RUNPATH_SEARCH_PATHS = (
					"$(inherited)",
					"@executable_path/Frameworks",
				);
				PRODUCT_BUNDLE_IDENTIFIER = PW.PWButtonExtension;
				PRODUCT_NAME = "$(TARGET_NAME)";
				TARGETED_DEVICE_FAMILY = "1,2";
			};
			name = Release;
		};
		0CF8B3DD23C62A840057BF1F /* Debug */ = {
			isa = XCBuildConfiguration;
			buildSettings = {
				BUNDLE_LOADER = "$(TEST_HOST)";
				CODE_SIGN_STYLE = Automatic;
				INFOPLIST_FILE = PWButtonExtensionTests/Info.plist;
				LD_RUNPATH_SEARCH_PATHS = (
					"$(inherited)",
					"@executable_path/Frameworks",
					"@loader_path/Frameworks",
				);
				PRODUCT_BUNDLE_IDENTIFIER = PW.PWButtonExtensionTests;
				PRODUCT_NAME = "$(TARGET_NAME)";
				TARGETED_DEVICE_FAMILY = "1,2";
				TEST_HOST = "$(BUILT_PRODUCTS_DIR)/PWButtonExtension.app/PWButtonExtension";
			};
			name = Debug;
		};
		0CF8B3DE23C62A840057BF1F /* Release */ = {
			isa = XCBuildConfiguration;
			buildSettings = {
				BUNDLE_LOADER = "$(TEST_HOST)";
				CODE_SIGN_STYLE = Automatic;
				INFOPLIST_FILE = PWButtonExtensionTests/Info.plist;
				LD_RUNPATH_SEARCH_PATHS = (
					"$(inherited)",
					"@executable_path/Frameworks",
					"@loader_path/Frameworks",
				);
				PRODUCT_BUNDLE_IDENTIFIER = PW.PWButtonExtensionTests;
				PRODUCT_NAME = "$(TARGET_NAME)";
				TARGETED_DEVICE_FAMILY = "1,2";
				TEST_HOST = "$(BUILT_PRODUCTS_DIR)/PWButtonExtension.app/PWButtonExtension";
			};
			name = Release;
		};
		0CF8B3E023C62A840057BF1F /* Debug */ = {
			isa = XCBuildConfiguration;
			buildSettings = {
				CODE_SIGN_STYLE = Automatic;
				INFOPLIST_FILE = PWButtonExtensionUITests/Info.plist;
				LD_RUNPATH_SEARCH_PATHS = (
					"$(inherited)",
					"@executable_path/Frameworks",
					"@loader_path/Frameworks",
				);
				PRODUCT_BUNDLE_IDENTIFIER = PW.PWButtonExtensionUITests;
				PRODUCT_NAME = "$(TARGET_NAME)";
				TARGETED_DEVICE_FAMILY = "1,2";
				TEST_TARGET_NAME = PWButtonExtension;
			};
			name = Debug;
		};
		0CF8B3E123C62A840057BF1F /* Release */ = {
			isa = XCBuildConfiguration;
			buildSettings = {
				CODE_SIGN_STYLE = Automatic;
				INFOPLIST_FILE = PWButtonExtensionUITests/Info.plist;
				LD_RUNPATH_SEARCH_PATHS = (
					"$(inherited)",
					"@executable_path/Frameworks",
					"@loader_path/Frameworks",
				);
				PRODUCT_BUNDLE_IDENTIFIER = PW.PWButtonExtensionUITests;
				PRODUCT_NAME = "$(TARGET_NAME)";
				TARGETED_DEVICE_FAMILY = "1,2";
				TEST_TARGET_NAME = PWButtonExtension;
			};
			name = Release;
		};
/* End XCBuildConfiguration section */

/* Begin XCConfigurationList section */
		0CF8B3A823C62A830057BF1F /* Build configuration list for PBXProject "PWButtonExtension" */ = {
			isa = XCConfigurationList;
			buildConfigurations = (
				0CF8B3D723C62A840057BF1F /* Debug */,
				0CF8B3D823C62A840057BF1F /* Release */,
			);
			defaultConfigurationIsVisible = 0;
			defaultConfigurationName = Release;
		};
		0CF8B3D923C62A840057BF1F /* Build configuration list for PBXNativeTarget "PWButtonExtension" */ = {
			isa = XCConfigurationList;
			buildConfigurations = (
				0CF8B3DA23C62A840057BF1F /* Debug */,
				0CF8B3DB23C62A840057BF1F /* Release */,
			);
			defaultConfigurationIsVisible = 0;
			defaultConfigurationName = Release;
		};
		0CF8B3DC23C62A840057BF1F /* Build configuration list for PBXNativeTarget "PWButtonExtensionTests" */ = {
			isa = XCConfigurationList;
			buildConfigurations = (
				0CF8B3DD23C62A840057BF1F /* Debug */,
				0CF8B3DE23C62A840057BF1F /* Release */,
			);
			defaultConfigurationIsVisible = 0;
			defaultConfigurationName = Release;
		};
		0CF8B3DF23C62A840057BF1F /* Build configuration list for PBXNativeTarget "PWButtonExtensionUITests" */ = {
			isa = XCConfigurationList;
			buildConfigurations = (
				0CF8B3E023C62A840057BF1F /* Debug */,
				0CF8B3E123C62A840057BF1F /* Release */,
			);
			defaultConfigurationIsVisible = 0;
			defaultConfigurationName = Release;
		};
/* End XCConfigurationList section */
	};
	rootObject = 0CF8B3A523C62A830057BF1F /* Project object */;
}
